{
	"name": "premid-bot",
	"version": "2.2.0",
	"lockfileVersion": 1,
	"requires": true,
	"dependencies": {
		"@types/utf8": {
			"version": "2.1.6",
			"resolved": "https://registry.npmjs.org/@types/utf8/-/utf8-2.1.6.tgz",
			"integrity": "sha512-pRs2gYF5yoKYrgSaira0DJqVg2tFuF+Qjp838xS7K+mJyY2jJzjsrl6y17GbIa4uMRogMbxs+ghNCvKg6XyNrA==",
			"dev": true
		}
	}
}
