lockfileVersion: '9.0'

settings:
  autoInstallPeers: true
  excludeLinksFromLockfile: false

importers:

  .:
    dependencies:
      '@prisma/client':
        specifier: 5.14.0
        version: 5.14.0(prisma@5.14.0)
      '@sapphire/decorators':
        specifier: ^6.1.0
        version: 6.1.0
      '@sapphire/fetch':
        specifier: ^3.0.2
        version: 3.0.2
      '@sapphire/framework':
        specifier: ^5.1.0
        version: 5.2.1
      '@sapphire/pieces':
        specifier: ^4.2.2
        version: 4.2.2
      '@sapphire/plugin-hmr':
        specifier: ^3.0.1
        version: 3.0.1
      '@sapphire/plugin-logger':
        specifier: ^4.0.2
        version: 4.0.2
      '@sapphire/ratelimits':
        specifier: ^2.4.9
        version: 2.4.9
      '@sapphire/shapeshift':
        specifier: ^3.9.7
        version: 3.9.7
      '@sapphire/time-utilities':
        specifier: ^1.7.12
        version: 1.7.12
      '@sapphire/utilities':
        specifier: ^3.15.3
        version: 3.16.2
      discord-api-types:
        specifier: ^0.37.81
        version: 0.37.83
      discord.js:
        specifier: ^14.14.1
        version: 14.15.2(bufferutil@4.0.8)(utf-8-validate@6.0.4)
      dotenv:
        specifier: ^16.4.5
        version: 16.4.5
    optionalDependencies:
      bufferutil:
        specifier: ^4.0.8
        version: 4.0.8
      utf-8-validate:
        specifier: ^6.0.3
        version: 6.0.4
      zlib-sync:
        specifier: ^0.1.9
        version: 0.1.9
    devDependencies:
      '@sapphire/prettier-config':
        specifier: ^2.0.0
        version: 2.0.0
      '@sapphire/ts-config':
        specifier: ^5.0.1
        version: 5.0.1
      prisma:
        specifier: ^5.14.0
        version: 5.14.0
      typescript:
        specifier: ^5.4.5
        version: 5.4.5

packages:

  '@discordjs/builders@1.8.1':
    resolution: {integrity: sha512-GkF+HM01FHy+NSoTaUPR8z44otfQgJ1AIsRxclYGUZDyUbdZEFyD/5QVv2Y1Flx6M+B0bQLzg2M9CJv5lGTqpA==}
    engines: {node: '>=16.11.0'}

  '@discordjs/collection@1.5.3':
    resolution: {integrity: sha512-SVb428OMd3WO1paV3rm6tSjM4wC+Kecaa1EUGX7vc6/fddvw/6lg90z4QtCqm21zvVe92vMMDt9+DkIvjXImQQ==}
    engines: {node: '>=16.11.0'}

  '@discordjs/collection@2.1.0':
    resolution: {integrity: sha512-mLcTACtXUuVgutoznkh6hS3UFqYirDYAg5Dc1m8xn6OvPjetnUlf/xjtqnnc47OwWdaoCQnHmHh9KofhD6uRqw==}
    engines: {node: '>=18'}

  '@discordjs/formatters@0.4.0':
    resolution: {integrity: sha512-fJ06TLC1NiruF35470q3Nr1bi95BdvKFAF+T5bNfZJ4bNdqZ3VZ+Ttg6SThqTxm6qumSG3choxLBHMC69WXNXQ==}
    engines: {node: '>=16.11.0'}

  '@discordjs/rest@2.3.0':
    resolution: {integrity: sha512-C1kAJK8aSYRv3ZwMG8cvrrW4GN0g5eMdP8AuN8ODH5DyOCbHgJspze1my3xHOAgwLJdKUbWNVyAeJ9cEdduqIg==}
    engines: {node: '>=16.11.0'}

  '@discordjs/util@1.1.0':
    resolution: {integrity: sha512-IndcI5hzlNZ7GS96RV3Xw1R2kaDuXEp7tRIy/KlhidpN/BQ1qh1NZt3377dMLTa44xDUNKT7hnXkA/oUAzD/lg==}
    engines: {node: '>=16.11.0'}

  '@discordjs/ws@1.1.0':
    resolution: {integrity: sha512-O97DIeSvfNTn5wz5vaER6ciyUsr7nOqSEtsLoMhhIgeFkhnxLRqSr00/Fpq2/ppLgjDGLbQCDzIK7ilGoB/M7A==}
    engines: {node: '>=16.11.0'}

  '@prisma/client@5.14.0':
    resolution: {integrity: sha512-akMSuyvLKeoU4LeyBAUdThP/uhVP3GuLygFE3MlYzaCb3/J8SfsYBE5PkaFuLuVpLyA6sFoW+16z/aPhNAESqg==}
    engines: {node: '>=16.13'}
    peerDependencies:
      prisma: '*'
    peerDependenciesMeta:
      prisma:
        optional: true

  '@prisma/debug@5.14.0':
    resolution: {integrity: sha512-iq56qBZuFfX3fCxoxT8gBX33lQzomBU0qIUaEj1RebsKVz1ob/BVH1XSBwwwvRVtZEV1b7Fxx2eVu34Ge/mg3w==}

  '@prisma/engines-version@5.14.0-25.e9771e62de70f79a5e1c604a2d7c8e2a0a874b48':
    resolution: {integrity: sha512-ip6pNkRo1UxWv+6toxNcYvItNYaqQjXdFNGJ+Nuk2eYtRoEdoF13wxo7/jsClJFFenMPVNVqXQDV0oveXnR1cA==}

  '@prisma/engines@5.14.0':
    resolution: {integrity: sha512-lgxkKZ6IEygVcw6IZZUlPIfLQ9hjSYAtHjZ5r64sCLDgVzsPFCi2XBBJgzPMkOQ5RHzUD4E/dVdpn9+ez8tk1A==}

  '@prisma/fetch-engine@5.14.0':
    resolution: {integrity: sha512-VrheA9y9DMURK5vu8OJoOgQpxOhas3qF0IBHJ8G/0X44k82kc8E0w98HCn2nhnbOOMwbWsJWXfLC2/F8n5u0gQ==}

  '@prisma/get-platform@5.14.0':
    resolution: {integrity: sha512-/yAyBvcEjRv41ynZrhdrPtHgk47xLRRq/o5eWGcUpBJ1YrUZTYB8EoPiopnP7iQrMATK8stXQdPOoVlrzuTQZw==}

  '@sapphire/async-queue@1.5.2':
    resolution: {integrity: sha512-7X7FFAA4DngXUl95+hYbUF19bp1LGiffjJtu7ygrZrbdCSsdDDBaSjB7Akw0ZbOu6k0xpXyljnJ6/RZUvLfRdg==}
    engines: {node: '>=v14.0.0', npm: '>=7.0.0'}

  '@sapphire/cron@1.1.3':
    resolution: {integrity: sha512-Sc0ebl3aD6RNUx4WkWgBOucI/azyVYGBpmO8oLnyCX6GBtF+YSQv8jODQ2sf/szkimhqTXrFYk6pEhA74CGtYg==}
    engines: {node: '>=v14.0.0', npm: '>=7.0.0'}

  '@sapphire/decorators@6.1.0':
    resolution: {integrity: sha512-LAml5F/JN1PMm0krKsuZQ7R32DboQZE1A1ULyEK/m1hkxRt/ympYWSBKVwnurDb+kyPD2CaHMOgKgDW2Gt6mwA==}
    engines: {node: '>=v14.0.0', npm: '>=7.0.0'}

  '@sapphire/discord-utilities@3.3.0':
    resolution: {integrity: sha512-xHAe22GSM4NjhNiyZ/5gwEF+uFDPHSrZABWypPGDUIK+CNDDPyPf56ooUb8cm02dVcU81wzscnRXK2cLY6RPcg==}
    engines: {node: '>=v14.0.0', npm: '>=7.0.0'}

  '@sapphire/discord.js-utilities@7.2.1':
    resolution: {integrity: sha512-Yq9mml/QhH/1GWylo4XyjrIZRo1KVkX5r4e1Vo14cR6Ce2eI9TJLqyFKl/0ZFQiLPr0YDLxfrqxd2WSXA6uUyw==}
    engines: {node: '>=16.6.0', npm: '>=7.0.0'}

  '@sapphire/duration@1.1.2':
    resolution: {integrity: sha512-m+DpXedUHdnH3rM6P9Hiyb9dpdXKb8WeTAVIug0QuN8tarQedbymbOor+UFmBfCbKOkoW9HvGK10xDwDvSfKrw==}
    engines: {node: '>=v14.0.0', npm: '>=7.0.0'}

  '@sapphire/fetch@3.0.2':
    resolution: {integrity: sha512-Na3TP9B/ncq09YNj+9SWd2JXclTGYCIX+ZieGNfRsi38PpgE3hSSIn/7hAjpF/sV1uBfHHtc42mz24pEuEqZmQ==}
    engines: {node: '>=v18'}

  '@sapphire/framework@5.2.1':
    resolution: {integrity: sha512-47V3BPe3On3SB+Mbdb4eWPnKfNKV5Js1rLUyt+74WUY+MsS2Utja6Y26gswqk+GW3jqiX67tWTnIK3els+PVsw==}
    engines: {node: '>=v18', npm: '>=7'}

  '@sapphire/lexure@1.1.7':
    resolution: {integrity: sha512-6PqU2/V+w1k4DHbZ8erIH+iaT/kAmLfReiWNUURt1akfrPTWqlVYWfuxkHXF0JMPk53r4NIkZoitiWwGUtPF+Q==}
    engines: {node: '>=v14.0.0', npm: '>=7.0.0'}

  '@sapphire/pieces@4.2.2':
    resolution: {integrity: sha512-DvAC+zTgm5o41D6iX+jBjMp+rRmoHPKNYnav6v6vQLTxBJb+iFMmup9ZREiuXdrh1ejrmVRZojnnI59xQgezwQ==}
    engines: {node: '>=v14.0.0', npm: '>=7.0.0'}

  '@sapphire/plugin-hmr@3.0.1':
    resolution: {integrity: sha512-+7hs3tPu5m3B/7heXPXCfWj131OVFmaHDYETOME8CS/VYQ+szIJT+n5qAszyrrdma/Ky3UL4O6q73eh5luT/Rg==}
    engines: {node: '>=v18', npm: '>=7'}

  '@sapphire/plugin-logger@4.0.2':
    resolution: {integrity: sha512-5Nr++u+fA3/jZwj1aL9Z16RgyJZRE1gyUftfWjrzdndE5FkcbnLiVCKvnI8WzSupVhdn6kMaCWAteOSgAaq3lQ==}
    engines: {node: '>=v18', npm: '>=7'}

  '@sapphire/prettier-config@2.0.0':
    resolution: {integrity: sha512-Vie8KR5zQ6sbEP4+biW/IR7k55saGfZkTSuRlgvxCBKb4SBJdRWcOBI80i+JxMVIDDZKgXlgYnXEST+FgZiWXA==}
    engines: {node: '>=v14.0.0', npm: '>=7.0.0'}

  '@sapphire/ratelimits@2.4.9':
    resolution: {integrity: sha512-eEE385IrFsD90gg696MWNqbeDjo1ZgtBvL66BezIwJEwDguhLP5AVsBsT4uCacX/92aeHl8i2nVvtusIBXZNSg==}
    engines: {node: '>=v14.0.0', npm: '>=7.0.0'}

  '@sapphire/result@2.6.6':
    resolution: {integrity: sha512-QCjj7X/QlY0QUCeAaZQmnrsMH/b2BMQYee3F1Y5iF17JagUQqO3KZlG7vfXWQU3SRAJX5OgZZynBjixUH+nNGg==}
    engines: {node: '>=v14.0.0', npm: '>=7.0.0'}

  '@sapphire/shapeshift@3.9.7':
    resolution: {integrity: sha512-4It2mxPSr4OGn4HSQWGmhFMsNFGfFVhWeRPCRwbH972Ek2pzfGRZtb0pJ4Ze6oIzcyh2jw7nUDa6qGlWofgd9g==}
    engines: {node: '>=v16'}

  '@sapphire/snowflake@3.5.3':
    resolution: {integrity: sha512-jjmJywLAFoWeBi1W7994zZyiNWPIiqRRNAmSERxyg93xRGzNYvGjlZ0gR6x0F4gPRi2+0O6S71kOZYyr3cxaIQ==}
    engines: {node: '>=v14.0.0', npm: '>=7.0.0'}

  '@sapphire/stopwatch@1.5.2':
    resolution: {integrity: sha512-FrR1GnaEIuXpEfnaz7DjNgoN/Cp8dJ5XFgb8CxXTCAJi8LYk0YsyGSdmmcs9R3ZNZrA1vOSv0dFVLitgiVA36Q==}
    engines: {node: '>=v14.0.0', npm: '>=7.0.0'}

  '@sapphire/time-utilities@1.7.12':
    resolution: {integrity: sha512-naqA2CxIseXyAx3OnzB1dW8b9iEsUJHzzlXs4QCBmssQ28nRTfuPSE86c/ELfLGr6f+S0Sca2dxUwTsL5Wf8MQ==}
    engines: {node: '>=v14.0.0', npm: '>=7.0.0'}

  '@sapphire/timer-manager@1.0.2':
    resolution: {integrity: sha512-0/wQEeiYeENQNtCVjhLZA2hDFqshNwWRR0ewXXENggTtkSqL7l+FadP1FZIMLRB69vnsZKdL2GuEHDuWayJbAQ==}
    engines: {node: '>=v14.0.0', npm: '>=7.0.0'}

  '@sapphire/timestamp@1.0.3':
    resolution: {integrity: sha512-I2TwqlLDA2Uu576VUgyBaT1gP1WSWPxeW3NqFxsSJfwFyvzXkTzyQiYce0eWMpM6BdBCq7Dddg+Yayls/5K1RA==}
    engines: {node: '>=v14.0.0', npm: '>=7.0.0'}

  '@sapphire/ts-config@5.0.1':
    resolution: {integrity: sha512-86YBYNBDNs6/bCrTsv274553v43Bz8YljfrrIQ4N8ll2npUxbf6cpC0gjfJY+FMa1HwKUgoMF4lvhzY0Ph0smw==}
    engines: {node: '>=v16.0.0', npm: '>=8.0.0'}

  '@sapphire/utilities@3.16.2':
    resolution: {integrity: sha512-0gRyXPH0hbmfZXwgvCH1z9H/kQwOlLeui86zKafZENpdjmuZznSkDFHRSUksr8Y5W/BxkqnR2WbNEfululh20Q==}
    engines: {node: '>=v14.0.0'}

  '@types/node@20.12.12':
    resolution: {integrity: sha512-eWLDGF/FOSPtAvEqeRAQ4C8LSA7M1I7i0ky1I8U7kD1J5ITyW3AsRhQrKVoWf5pFKZ2kILsEGJhsI9r93PYnOw==}

  '@types/ws@8.5.10':
    resolution: {integrity: sha512-vmQSUcfalpIq0R9q7uTo2lXs6eGIpt9wtnLdMv9LVpIjCA/+ufZRozlVoVelIYixx1ugCBKDhn89vnsEGOCx9A==}

  '@vladfrangu/async_event_emitter@2.2.4':
    resolution: {integrity: sha512-ButUPz9E9cXMLgvAW8aLAKKJJsPu1dY1/l/E8xzLFuysowXygs6GBcyunK9rnGC4zTsnIc2mQo71rGw9U+Ykug==}
    engines: {node: '>=v14.0.0', npm: '>=7.0.0'}

  anymatch@3.1.3:
    resolution: {integrity: sha512-KMReFUr0B4t+D+OBkjR3KYqvocp2XaSzO55UcB6mgQMd3KbcE+mWTyvVV7D/zsdEbNnV6acZUutkiHQXvTr1Rw==}
    engines: {node: '>= 8'}

  binary-extensions@2.3.0:
    resolution: {integrity: sha512-Ceh+7ox5qe7LJuLHoY0feh3pHuUDHAcRUeyL2VYghZwfpkNIy/+8Ocg0a3UuSoYzavmylwuLWQOf3hl0jjMMIw==}
    engines: {node: '>=8'}

  braces@3.0.3:
    resolution: {integrity: sha512-yQbXgO/OSZVD2IsiLlro+7Hf6Q18EJrKSEsdoMzKePKXct3gvD8oLcOQdIzGupr5Fj+EDe8gO/lxc1BzfMpxvA==}
    engines: {node: '>=8'}

  bufferutil@4.0.8:
    resolution: {integrity: sha512-4T53u4PdgsXqKaIctwF8ifXlRTTmEPJ8iEPWFdGZvcf7sbwYo6FKFEX9eNNAnzFZ7EzJAQ3CJeOtCRA4rDp7Pw==}
    engines: {node: '>=6.14.2'}

  chokidar@3.6.0:
    resolution: {integrity: sha512-7VT13fmjotKpGipCW9JEQAusEPE+Ei8nl6/g4FBAmIm0GOOLMua9NDDo/DWp0ZAxCr3cPq5ZpBqmPAQgDda2Pw==}
    engines: {node: '>= 8.10.0'}

  colorette@2.0.20:
    resolution: {integrity: sha512-IfEDxwoWIjkeXL1eXcDiow4UbKjhLdq6/EuSVR9GMN7KVH3r9gQ83e73hsz1Nd1T3ijd5xv1wcWRYO+D6kCI2w==}

  discord-api-types@0.37.83:
    resolution: {integrity: sha512-urGGYeWtWNYMKnYlZnOnDHm8fVRffQs3U0SpE8RHeiuLKb/u92APS8HoQnPTFbnXmY1vVnXjXO4dOxcAn3J+DA==}

  discord-api-types@0.37.85:
    resolution: {integrity: sha512-T75aB9JEw9X0rlMChEMHbr9JlXMqdmdKiZVjBeKs91cJo28IuAIldj+VZoC+I+Q9gCaRjHlwRkcksy2XZY6c3A==}

  discord.js@14.15.2:
    resolution: {integrity: sha512-wGD37YCaTUNprtpqMIRuNiswwsvSWXrHykBSm2SAosoTYut0VUDj9yo9t4iLtMKvuhI49zYkvKc2TNdzdvpJhg==}
    engines: {node: '>=16.11.0'}

  dotenv@16.4.5:
    resolution: {integrity: sha512-ZmdL2rui+eB2YwhsWzjInR8LldtZHGDoQ1ugH85ppHKwpUHL7j7rN0Ti9NCnGiQbhaZ11FpR+7ao1dNsmduNUg==}
    engines: {node: '>=12'}

  fast-deep-equal@3.1.3:
    resolution: {integrity: sha512-f3qQ9oQy9j2AhBe/H9VC91wLmKBCCU/gDOnKNAYG5hswO7BLKj09Hc5HYNz9cGI++xlpDCIgDaitVs03ATR84Q==}

  fill-range@7.1.1:
    resolution: {integrity: sha512-YsGpe3WHLK8ZYi4tWDg2Jy3ebRz2rXowDxnld4bkQB00cc/1Zw9AWnC0i9ztDJitivtQvaI9KaLyKrc+hBW0yg==}
    engines: {node: '>=8'}

  fsevents@2.3.3:
    resolution: {integrity: sha512-5xoDfX+fL7faATnagmWPpbFtwh/R77WmMMqqHGS65C3vvB0YHrgF+B1YmZ3441tMj5n63k0212XNoJwzlhffQw==}
    engines: {node: ^8.16.0 || ^10.6.0 || >=11.0.0}
    os: [darwin]

  glob-parent@5.1.2:
    resolution: {integrity: sha512-AOIgSQCepiJYwP3ARnGx+5VnTu2HBYdzbGP45eLw1vr3zB3vZLeyed1sC9hnbcOc9/SrMyM5RPQrkGz4aS9Zow==}
    engines: {node: '>= 6'}

  is-binary-path@2.1.0:
    resolution: {integrity: sha512-ZMERYes6pDydyuGidse7OsHxtbI7WVeUEozgR/g7rd0xUimYNlvZRE/K2MgZTjWy725IfelLeVcEM97mmtRGXw==}
    engines: {node: '>=8'}

  is-extglob@2.1.1:
    resolution: {integrity: sha512-SbKbANkN603Vi4jEZv49LeVJMn4yGwsbzZworEoyEiutsN3nJYdbO36zfhGJ6QEDpOZIFkDtnq5JRxmvl3jsoQ==}
    engines: {node: '>=0.10.0'}

  is-glob@4.0.3:
    resolution: {integrity: sha512-xelSayHH36ZgE7ZWhli7pW34hNbNl8Ojv5KVmkJD4hBdD3th8Tfk9vYasLM+mXWOZhFkgZfxhLSnrwRr4elSSg==}
    engines: {node: '>=0.10.0'}

  is-number@7.0.0:
    resolution: {integrity: sha512-41Cifkg6e8TylSpdtTpeLVMqvSBEVzTttHvERD741+pnZ8ANv0004MRL43QKPDlK9cGvNp6NZWZUBlbGXYxxng==}
    engines: {node: '>=0.12.0'}

  lodash.snakecase@4.1.1:
    resolution: {integrity: sha512-QZ1d4xoBHYUeuouhEq3lk3Uq7ldgyFXGBhg04+oRLnIz8o9T65Eh+8YdroUwn846zchkA9yDsDl5CVVaV2nqYw==}

  lodash@4.17.21:
    resolution: {integrity: sha512-v2kDEe57lecTulaDIuNTPy3Ry4gLGJ6Z1O3vE1krgXZNrsQ+LFTGHVxVjcXPs17LhbZVGedAJv8XZ1tvj5FvSg==}

  magic-bytes.js@1.10.0:
    resolution: {integrity: sha512-/k20Lg2q8LE5xiaaSkMXk4sfvI+9EGEykFS4b0CHHGWqDYU0bGUFSwchNOMA56D7TCs9GwVTkqe9als1/ns8UQ==}

  nan@2.19.0:
    resolution: {integrity: sha512-nO1xXxfh/RWNxfd/XPfbIfFk5vgLsAxUR9y5O0cHMJu/AW9U95JLXqthYHjEp+8gQ5p96K9jUp8nbVOxCdRbtw==}

  node-gyp-build@4.8.1:
    resolution: {integrity: sha512-OSs33Z9yWr148JZcbZd5WiAXhh/n9z8TxQcdMhIOlpN9AhWpLfvVFO73+m77bBABQMaY9XSvIa+qk0jlI7Gcaw==}
    hasBin: true

  normalize-path@3.0.0:
    resolution: {integrity: sha512-6eZs5Ls3WtCisHWp9S2GUy8dqkpGi4BVSz3GaqiE6ezub0512ESztXUwUB6C6IKbQkY2Pnb/mD4WYojCRwcwLA==}
    engines: {node: '>=0.10.0'}

  picomatch@2.3.1:
    resolution: {integrity: sha512-JU3teHTNjmE2VCGFzuY8EXzCDVwEqB2a8fsIvwaStHhAWJEeVd1o1QD80CU6+ZdEXXSLbSsuLwJjkCBWqRQUVA==}
    engines: {node: '>=8.6'}

  prettier@3.2.5:
    resolution: {integrity: sha512-3/GWa9aOC0YeD7LUfvOG2NiDyhOWRvt1k+rcKhOuYnMY24iiCphgneUfJDyFXd6rZCAnuLBv6UeAULtrhT/F4A==}
    engines: {node: '>=14'}
    hasBin: true

  prisma@5.14.0:
    resolution: {integrity: sha512-gCNZco7y5XtjrnQYeDJTiVZmT/ncqCr5RY1/Cf8X2wgLRmyh9ayPAGBNziI4qEE4S6SxCH5omQLVo9lmURaJ/Q==}
    engines: {node: '>=16.13'}
    hasBin: true

  readdirp@3.6.0:
    resolution: {integrity: sha512-hOS089on8RduqdbhvQ5Z37A0ESjsqz6qnRcffsMU3495FuTdqSm+7bhJ29JvIOsBDEEnan5DPu9t3To9VRlMzA==}
    engines: {node: '>=8.10.0'}

  to-regex-range@5.0.1:
    resolution: {integrity: sha512-65P7iz6X5yEr1cwcgvQxbbIw7Uk3gOy5dIdtZ4rDveLqhrdJP+Li/Hx6tyK0NEb+2GCyneCMJiGqrADCSNk8sQ==}
    engines: {node: '>=8.0'}

  ts-mixer@6.0.4:
    resolution: {integrity: sha512-ufKpbmrugz5Aou4wcr5Wc1UUFWOLhq+Fm6qa6P0w0K5Qw2yhaUoiWszhCVuNQyNwrlGiscHOmqYoAox1PtvgjA==}

  tslib@2.6.2:
    resolution: {integrity: sha512-AEYxH93jGFPn/a2iVAwW87VuUIkR1FVUKB77NwMF7nBTDkDrrT/Hpt/IrCJ0QXhW27jTBDcf5ZY7w6RiqTMw2Q==}

  typescript@5.4.5:
    resolution: {integrity: sha512-vcI4UpRgg81oIRUFwR0WSIHKt11nJ7SAVlYNIu+QpqeyXP+gpQJy/Z4+F0aGxSE4MqwjyXvW/TzgkLAx2AGHwQ==}
    engines: {node: '>=14.17'}
    hasBin: true

  undici-types@5.26.5:
    resolution: {integrity: sha512-JlCMO+ehdEIKqlFxk6IfVoAUVmgz7cU7zD/h9XZ0qzeosSHmUJVOzSQvvYSYWXkFXC+IfLKSIffhv0sVZup6pA==}

  undici@6.13.0:
    resolution: {integrity: sha512-Q2rtqmZWrbP8nePMq7mOJIN98M0fYvSgV89vwl/BQRT4mDOeY2GXZngfGpcBBhtky3woM7G24wZV3Q304Bv6cw==}
    engines: {node: '>=18.0'}

  utf-8-validate@6.0.4:
    resolution: {integrity: sha512-xu9GQDeFp+eZ6LnCywXN/zBancWvOpUMzgjLPSjy4BRHSmTelvn2E0DG0o1sTiw5hkCKBHo8rwSKncfRfv2EEQ==}
    engines: {node: '>=6.14.2'}

  ws@8.17.0:
    resolution: {integrity: sha512-uJq6108EgZMAl20KagGkzCKfMEjxmKvZHG7Tlq0Z6nOky7YF7aq4mOx6xK8TJ/i1LeK4Qus7INktacctDgY8Ow==}
    engines: {node: '>=10.0.0'}
    peerDependencies:
      bufferutil: ^4.0.1
      utf-8-validate: '>=5.0.2'
    peerDependenciesMeta:
      bufferutil:
        optional: true
      utf-8-validate:
        optional: true

  zlib-sync@0.1.9:
    resolution: {integrity: sha512-DinB43xCjVwIBDpaIvQqHbmDsnYnSt6HJ/yiB2MZQGTqgPcwBSZqLkimXwK8BvdjQ/MaZysb5uEenImncqvCqQ==}

snapshots:

  '@discordjs/builders@1.8.1':
    dependencies:
      '@discordjs/formatters': 0.4.0
      '@discordjs/util': 1.1.0
      '@sapphire/shapeshift': 3.9.7
      discord-api-types: 0.37.83
      fast-deep-equal: 3.1.3
      ts-mixer: 6.0.4
      tslib: 2.6.2

  '@discordjs/collection@1.5.3': {}

  '@discordjs/collection@2.1.0': {}

  '@discordjs/formatters@0.4.0':
    dependencies:
      discord-api-types: 0.37.83

  '@discordjs/rest@2.3.0':
    dependencies:
      '@discordjs/collection': 2.1.0
      '@discordjs/util': 1.1.0
      '@sapphire/async-queue': 1.5.2
      '@sapphire/snowflake': 3.5.3
      '@vladfrangu/async_event_emitter': 2.2.4
      discord-api-types: 0.37.83
      magic-bytes.js: 1.10.0
      tslib: 2.6.2
      undici: 6.13.0

  '@discordjs/util@1.1.0': {}

  '@discordjs/ws@1.1.0(bufferutil@4.0.8)(utf-8-validate@6.0.4)':
    dependencies:
      '@discordjs/collection': 2.1.0
      '@discordjs/rest': 2.3.0
      '@discordjs/util': 1.1.0
      '@sapphire/async-queue': 1.5.2
      '@types/ws': 8.5.10
      '@vladfrangu/async_event_emitter': 2.2.4
      discord-api-types: 0.37.83
      tslib: 2.6.2
      ws: 8.17.0(bufferutil@4.0.8)(utf-8-validate@6.0.4)
    transitivePeerDependencies:
      - bufferutil
      - utf-8-validate

  '@prisma/client@5.14.0(prisma@5.14.0)':
    optionalDependencies:
      prisma: 5.14.0

  '@prisma/debug@5.14.0': {}

  '@prisma/engines-version@5.14.0-25.e9771e62de70f79a5e1c604a2d7c8e2a0a874b48': {}

  '@prisma/engines@5.14.0':
    dependencies:
      '@prisma/debug': 5.14.0
      '@prisma/engines-version': 5.14.0-25.e9771e62de70f79a5e1c604a2d7c8e2a0a874b48
      '@prisma/fetch-engine': 5.14.0
      '@prisma/get-platform': 5.14.0

  '@prisma/fetch-engine@5.14.0':
    dependencies:
      '@prisma/debug': 5.14.0
      '@prisma/engines-version': 5.14.0-25.e9771e62de70f79a5e1c604a2d7c8e2a0a874b48
      '@prisma/get-platform': 5.14.0

  '@prisma/get-platform@5.14.0':
    dependencies:
      '@prisma/debug': 5.14.0

  '@sapphire/async-queue@1.5.2': {}

  '@sapphire/cron@1.1.3':
    dependencies:
      '@sapphire/utilities': 3.16.2

  '@sapphire/decorators@6.1.0':
    dependencies:
      tslib: 2.6.2

  '@sapphire/discord-utilities@3.3.0':
    dependencies:
      discord-api-types: 0.37.85

  '@sapphire/discord.js-utilities@7.2.1':
    dependencies:
      '@sapphire/discord-utilities': 3.3.0
      '@sapphire/duration': 1.1.2
      '@sapphire/utilities': 3.16.2
      tslib: 2.6.2

  '@sapphire/duration@1.1.2': {}

  '@sapphire/fetch@3.0.2': {}

  '@sapphire/framework@5.2.1':
    dependencies:
      '@discordjs/builders': 1.8.1
      '@sapphire/discord-utilities': 3.3.0
      '@sapphire/discord.js-utilities': 7.2.1
      '@sapphire/lexure': 1.1.7
      '@sapphire/pieces': 4.2.2
      '@sapphire/ratelimits': 2.4.9
      '@sapphire/result': 2.6.6
      '@sapphire/stopwatch': 1.5.2
      '@sapphire/utilities': 3.16.2

  '@sapphire/lexure@1.1.7':
    dependencies:
      '@sapphire/result': 2.6.6

  '@sapphire/pieces@4.2.2':
    dependencies:
      '@discordjs/collection': 1.5.3
      '@sapphire/utilities': 3.16.2
      tslib: 2.6.2

  '@sapphire/plugin-hmr@3.0.1':
    dependencies:
      chokidar: 3.6.0

  '@sapphire/plugin-logger@4.0.2':
    dependencies:
      '@sapphire/timestamp': 1.0.3
      colorette: 2.0.20

  '@sapphire/prettier-config@2.0.0':
    dependencies:
      prettier: 3.2.5

  '@sapphire/ratelimits@2.4.9': {}

  '@sapphire/result@2.6.6': {}

  '@sapphire/shapeshift@3.9.7':
    dependencies:
      fast-deep-equal: 3.1.3
      lodash: 4.17.21

  '@sapphire/snowflake@3.5.3': {}

  '@sapphire/stopwatch@1.5.2':
    dependencies:
      tslib: 2.6.2

  '@sapphire/time-utilities@1.7.12':
    dependencies:
      '@sapphire/cron': 1.1.3
      '@sapphire/duration': 1.1.2
      '@sapphire/timer-manager': 1.0.2
      '@sapphire/timestamp': 1.0.3

  '@sapphire/timer-manager@1.0.2': {}

  '@sapphire/timestamp@1.0.3': {}

  '@sapphire/ts-config@5.0.1':
    dependencies:
      tslib: 2.6.2
      typescript: 5.4.5

  '@sapphire/utilities@3.16.2': {}

  '@types/node@20.12.12':
    dependencies:
      undici-types: 5.26.5

  '@types/ws@8.5.10':
    dependencies:
      '@types/node': 20.12.12

  '@vladfrangu/async_event_emitter@2.2.4': {}

  anymatch@3.1.3:
    dependencies:
      normalize-path: 3.0.0
      picomatch: 2.3.1

  binary-extensions@2.3.0: {}

  braces@3.0.3:
    dependencies:
      fill-range: 7.1.1

  bufferutil@4.0.8:
    dependencies:
      node-gyp-build: 4.8.1
    optional: true

  chokidar@3.6.0:
    dependencies:
      anymatch: 3.1.3
      braces: 3.0.3
      glob-parent: 5.1.2
      is-binary-path: 2.1.0
      is-glob: 4.0.3
      normalize-path: 3.0.0
      readdirp: 3.6.0
    optionalDependencies:
      fsevents: 2.3.3

  colorette@2.0.20: {}

  discord-api-types@0.37.83: {}

  discord-api-types@0.37.85: {}

  discord.js@14.15.2(bufferutil@4.0.8)(utf-8-validate@6.0.4):
    dependencies:
      '@discordjs/builders': 1.8.1
      '@discordjs/collection': 1.5.3
      '@discordjs/formatters': 0.4.0
      '@discordjs/rest': 2.3.0
      '@discordjs/util': 1.1.0
      '@discordjs/ws': 1.1.0(bufferutil@4.0.8)(utf-8-validate@6.0.4)
      '@sapphire/snowflake': 3.5.3
      discord-api-types: 0.37.83
      fast-deep-equal: 3.1.3
      lodash.snakecase: 4.1.1
      tslib: 2.6.2
      undici: 6.13.0
    transitivePeerDependencies:
      - bufferutil
      - utf-8-validate

  dotenv@16.4.5: {}

  fast-deep-equal@3.1.3: {}

  fill-range@7.1.1:
    dependencies:
      to-regex-range: 5.0.1

  fsevents@2.3.3:
    optional: true

  glob-parent@5.1.2:
    dependencies:
      is-glob: 4.0.3

  is-binary-path@2.1.0:
    dependencies:
      binary-extensions: 2.3.0

  is-extglob@2.1.1: {}

  is-glob@4.0.3:
    dependencies:
      is-extglob: 2.1.1

  is-number@7.0.0: {}

  lodash.snakecase@4.1.1: {}

  lodash@4.17.21: {}

  magic-bytes.js@1.10.0: {}

  nan@2.19.0:
    optional: true

  node-gyp-build@4.8.1:
    optional: true

  normalize-path@3.0.0: {}

  picomatch@2.3.1: {}

  prettier@3.2.5: {}

  prisma@5.14.0:
    dependencies:
      '@prisma/engines': 5.14.0

  readdirp@3.6.0:
    dependencies:
      picomatch: 2.3.1

  to-regex-range@5.0.1:
    dependencies:
      is-number: 7.0.0

  ts-mixer@6.0.4: {}

  tslib@2.6.2: {}

  typescript@5.4.5: {}

  undici-types@5.26.5: {}

  undici@6.13.0: {}

  utf-8-validate@6.0.4:
    dependencies:
      node-gyp-build: 4.8.1
    optional: true

  ws@8.17.0(bufferutil@4.0.8)(utf-8-validate@6.0.4):
    optionalDependencies:
      bufferutil: 4.0.8
      utf-8-validate: 6.0.4

  zlib-sync@0.1.9:
    dependencies:
      nan: 2.19.0
    optional: true
